
Microsoft Visual Studio Solution File, Format Version 12.00
# Visual Studio Version 17
VisualStudioVersion = 17.5.33414.496
MinimumVisualStudioVersion = 10.0.40219.1
Project("{9A19103F-16F7-4668-BE54-9A1E7A4F7556}") = "CfgStore.Cli", "CfgStore.Cli\CfgStore.Cli.csproj", "{4AC7EB89-E2C5-4E38-863D-6D31BA5AB6D6}"
EndProject
Project("{2150E333-8FDC-42A3-9474-1A3956D46DE8}") = "Shared", "Shared", "{F78951CB-E165-4F23-9767-034D6F0D2316}"
	ProjectSection(SolutionItems) = preProject
		Directory.Build.props = Directory.Build.props
		GlobalUsings.cs = GlobalUsings.cs
	EndProjectSection
EndProject
Project("{9A19103F-16F7-4668-BE54-9A1E7A4F7556}") = "CfgStore.Application", "CfgStore.Application\CfgStore.Application.csproj", "{459D2C89-ABEC-450E-B63F-89F802F20135}"
EndProject
Project("{9A19103F-16F7-4668-BE54-9A1E7A4F7556}") = "CfgStore.Domain", "CfgStore.Domain\CfgStore.Domain.csproj", "{80C496DB-2CA2-407E-A8C9-581A7867A332}"
EndProject
Project("{9A19103F-16F7-4668-BE54-9A1E7A4F7556}") = "CfgStore.Application.Tests", "CfgStore.Application.Tests\CfgStore.Application.Tests.csproj", "{77830586-CAB9-4B13-8B11-91F130AACBBA}"
EndProject
Project("{9A19103F-16F7-4668-BE54-9A1E7A4F7556}") = "CfgStore.Modules.Files", "CfgStore.Modules.Files\CfgStore.Modules.Files.csproj", "{6DD4CCDB-517F-4BB4-A3F7-48C710305A54}"
EndProject
Project("{9A19103F-16F7-4668-BE54-9A1E7A4F7556}") = "CfgStore.Application.Abstractions", "CfgStore.Application.Abstractions\CfgStore.Application.Abstractions.csproj", "{5138C1A0-B73F-47FA-824C-B8AB64E70326}"
EndProject
Project("{9A19103F-16F7-4668-BE54-9A1E7A4F7556}") = "CfgStore.Modules.Environment", "CfgStore.Modules.Environment\CfgStore.Modules.Environment.csproj", "{7248BB8F-44E7-4D27-806E-E6E30ED3231B}"
EndProject
Project("{FAE04EC0-301F-11D3-BF4B-00C04F79EFBC}") = "CfgStore.Modules.Environment.Tests", "CfgStore.Modules.Environment.Tests\CfgStore.Modules.Environment.Tests.csproj", "{1E7DB338-3154-4D60-86BD-1B3F42436BF5}"
EndProject
Global
	GlobalSection(SolutionConfigurationPlatforms) = preSolution
		Debug|Any CPU = Debug|Any CPU
		Release|Any CPU = Release|Any CPU
	EndGlobalSection
	GlobalSection(ProjectConfigurationPlatforms) = postSolution
		{4AC7EB89-E2C5-4E38-863D-6D31BA5AB6D6}.Debug|Any CPU.ActiveCfg = Debug|Any CPU
		{4AC7EB89-E2C5-4E38-863D-6D31BA5AB6D6}.Debug|Any CPU.Build.0 = Debug|Any CPU
		{4AC7EB89-E2C5-4E38-863D-6D31BA5AB6D6}.Release|Any CPU.ActiveCfg = Release|Any CPU
		{4AC7EB89-E2C5-4E38-863D-6D31BA5AB6D6}.Release|Any CPU.Build.0 = Release|Any CPU
		{459D2C89-ABEC-450E-B63F-89F802F20135}.Debug|Any CPU.ActiveCfg = Debug|Any CPU
		{459D2C89-ABEC-450E-B63F-89F802F20135}.Debug|Any CPU.Build.0 = Debug|Any CPU
		{459D2C89-ABEC-450E-B63F-89F802F20135}.Release|Any CPU.ActiveCfg = Release|Any CPU
		{459D2C89-ABEC-450E-B63F-89F802F20135}.Release|Any CPU.Build.0 = Release|Any CPU
		{80C496DB-2CA2-407E-A8C9-581A7867A332}.Debug|Any CPU.ActiveCfg = Debug|Any CPU
		{80C496DB-2CA2-407E-A8C9-581A7867A332}.Debug|Any CPU.Build.0 = Debug|Any CPU
		{80C496DB-2CA2-407E-A8C9-581A7867A332}.Release|Any CPU.ActiveCfg = Release|Any CPU
		{80C496DB-2CA2-407E-A8C9-581A7867A332}.Release|Any CPU.Build.0 = Release|Any CPU
		{77830586-CAB9-4B13-8B11-91F130AACBBA}.Debug|Any CPU.ActiveCfg = Debug|Any CPU
		{77830586-CAB9-4B13-8B11-91F130AACBBA}.Debug|Any CPU.Build.0 = Debug|Any CPU
		{77830586-CAB9-4B13-8B11-91F130AACBBA}.Release|Any CPU.ActiveCfg = Release|Any CPU
		{77830586-CAB9-4B13-8B11-91F130AACBBA}.Release|Any CPU.Build.0 = Release|Any CPU
		{6DD4CCDB-517F-4BB4-A3F7-48C710305A54}.Debug|Any CPU.ActiveCfg = Debug|Any CPU
		{6DD4CCDB-517F-4BB4-A3F7-48C710305A54}.Debug|Any CPU.Build.0 = Debug|Any CPU
		{6DD4CCDB-517F-4BB4-A3F7-48C710305A54}.Release|Any CPU.ActiveCfg = Release|Any CPU
		{6DD4CCDB-517F-4BB4-A3F7-48C710305A54}.Release|Any CPU.Build.0 = Release|Any CPU
		{5138C1A0-B73F-47FA-824C-B8AB64E70326}.Debug|Any CPU.ActiveCfg = Debug|Any CPU
		{5138C1A0-B73F-47FA-824C-B8AB64E70326}.Debug|Any CPU.Build.0 = Debug|Any CPU
		{5138C1A0-B73F-47FA-824C-B8AB64E70326}.Release|Any CPU.ActiveCfg = Release|Any CPU
		{5138C1A0-B73F-47FA-824C-B8AB64E70326}.Release|Any CPU.Build.0 = Release|Any CPU
		{7248BB8F-44E7-4D27-806E-E6E30ED3231B}.Debug|Any CPU.ActiveCfg = Debug|Any CPU
		{7248BB8F-44E7-4D27-806E-E6E30ED3231B}.Debug|Any CPU.Build.0 = Debug|Any CPU
		{7248BB8F-44E7-4D27-806E-E6E30ED3231B}.Release|Any CPU.ActiveCfg = Release|Any CPU
		{7248BB8F-44E7-4D27-806E-E6E30ED3231B}.Release|Any CPU.Build.0 = Release|Any CPU
		{1E7DB338-3154-4D60-86BD-1B3F42436BF5}.Debug|Any CPU.ActiveCfg = Debug|Any CPU
		{1E7DB338-3154-4D60-86BD-1B3F42436BF5}.Debug|Any CPU.Build.0 = Debug|Any CPU
		{1E7DB338-3154-4D60-86BD-1B3F42436BF5}.Release|Any CPU.ActiveCfg = Release|Any CPU
		{1E7DB338-3154-4D60-86BD-1B3F42436BF5}.Release|Any CPU.Build.0 = Release|Any CPU
	EndGlobalSection
	GlobalSection(SolutionProperties) = preSolution
		HideSolutionNode = FALSE
	EndGlobalSection
	GlobalSection(ExtensibilityGlobals) = postSolution
		SolutionGuid = {E8F750D1-CD4A-445B-9161-E4195F35E608}
	EndGlobalSection
EndGlobal
