
Microsoft Visual Studio Solution File, Format Version 12.00
# Visual Studio Version 17
VisualStudioVersion = 17.5.33414.496
MinimumVisualStudioVersion = 10.0.40219.1
Project("{FAE04EC0-301F-11D3-BF4B-00C04F79EFBC}") = "CfgStore.Cli", "CfgStore.Cli\CfgStore.Cli.csproj", "{4AC7EB89-E2C5-4E38-863D-6D31BA5AB6D6}"
EndProject
Global
	GlobalSection(SolutionConfigurationPlatforms) = preSolution
		Debug|Any CPU = Debug|Any CPU
		Release|Any CPU = Release|Any CPU
	EndGlobalSection
	GlobalSection(ProjectConfigurationPlatforms) = postSolution
		{4AC7EB89-E2C5-4E38-863D-6D31BA5AB6D6}.Debug|Any CPU.ActiveCfg = Debug|Any CPU
		{4AC7EB89-E2C5-4E38-863D-6D31BA5AB6D6}.Debug|Any CPU.Build.0 = Debug|Any CPU
		{4AC7EB89-E2C5-4E38-863D-6D31BA5AB6D6}.Release|Any CPU.ActiveCfg = Release|Any CPU
		{4AC7EB89-E2C5-4E38-863D-6D31BA5AB6D6}.Release|Any CPU.Build.0 = Release|Any CPU
	EndGlobalSection
	GlobalSection(SolutionProperties) = preSolution
		HideSolutionNode = FALSE
	EndGlobalSection
	GlobalSection(ExtensibilityGlobals) = postSolution
		SolutionGuid = {E8F750D1-CD4A-445B-9161-E4195F35E608}
	EndGlobalSection
EndGlobal
